
Microsoft Visual Studio Solution File, Format Version 12.00
# Visual Studio 15
VisualStudioVersion = 15.0.27130.2036
MinimumVisualStudioVersion = 10.0.40219.1
Project("{FAE04EC0-301F-11D3-BF4B-00C04F79EFBC}") = "CSharpAttribute", "CSharpAttribute\CSharpAttribute.csproj", "{EE9E62CB-4E1C-4709-A253-5691389F8E6C}"
EndProject
Project("{FAE04EC0-301F-11D3-BF4B-00C04F79EFBC}") = "CSharpReflection", "CSharpRelection\CSharpReflection.csproj", "{DC531122-C0A5-4653-97AC-0845A59F4CD4}"
EndProject
Project("{9A19103F-16F7-4668-BE54-9A1E7A4F7556}") = "DynamicDemo", "DynamicDemo\DynamicDemo.csproj", "{209683EF-9EC1-4B01-810F-8E3D5BD94B8E}"
EndProject
Project("{9A19103F-16F7-4668-BE54-9A1E7A4F7556}") = "CSharpGenerics", "CSharpGenerics\CSharpGenerics.csproj", "{AB01CBAA-42D3-46E1-B3DE-CA24147903EA}"
EndProject
Project("{9A19103F-16F7-4668-BE54-9A1E7A4F7556}") = "CSharpGenericsDocumentManager", "DocumentManager\CSharpGenericsDocumentManager.csproj", "{0640F18D-A755-4402-A21E-03122D160179}"
EndProject
Global
	GlobalSection(SolutionConfigurationPlatforms) = preSolution
		Debug|Any CPU = Debug|Any CPU
		Release|Any CPU = Release|Any CPU
	EndGlobalSection
	GlobalSection(ProjectConfigurationPlatforms) = postSolution
		{EE9E62CB-4E1C-4709-A253-5691389F8E6C}.Debug|Any CPU.ActiveCfg = Debug|Any CPU
		{EE9E62CB-4E1C-4709-A253-5691389F8E6C}.Debug|Any CPU.Build.0 = Debug|Any CPU
		{EE9E62CB-4E1C-4709-A253-5691389F8E6C}.Release|Any CPU.ActiveCfg = Release|Any CPU
		{EE9E62CB-4E1C-4709-A253-5691389F8E6C}.Release|Any CPU.Build.0 = Release|Any CPU
		{DC531122-C0A5-4653-97AC-0845A59F4CD4}.Debug|Any CPU.ActiveCfg = Debug|Any CPU
		{DC531122-C0A5-4653-97AC-0845A59F4CD4}.Debug|Any CPU.Build.0 = Debug|Any CPU
		{DC531122-C0A5-4653-97AC-0845A59F4CD4}.Release|Any CPU.ActiveCfg = Release|Any CPU
		{DC531122-C0A5-4653-97AC-0845A59F4CD4}.Release|Any CPU.Build.0 = Release|Any CPU
		{209683EF-9EC1-4B01-810F-8E3D5BD94B8E}.Debug|Any CPU.ActiveCfg = Debug|Any CPU
		{209683EF-9EC1-4B01-810F-8E3D5BD94B8E}.Debug|Any CPU.Build.0 = Debug|Any CPU
		{209683EF-9EC1-4B01-810F-8E3D5BD94B8E}.Release|Any CPU.ActiveCfg = Release|Any CPU
		{209683EF-9EC1-4B01-810F-8E3D5BD94B8E}.Release|Any CPU.Build.0 = Release|Any CPU
		{AB01CBAA-42D3-46E1-B3DE-CA24147903EA}.Debug|Any CPU.ActiveCfg = Debug|Any CPU
		{AB01CBAA-42D3-46E1-B3DE-CA24147903EA}.Debug|Any CPU.Build.0 = Debug|Any CPU
		{AB01CBAA-42D3-46E1-B3DE-CA24147903EA}.Release|Any CPU.ActiveCfg = Release|Any CPU
		{AB01CBAA-42D3-46E1-B3DE-CA24147903EA}.Release|Any CPU.Build.0 = Release|Any CPU
		{0640F18D-A755-4402-A21E-03122D160179}.Debug|Any CPU.ActiveCfg = Debug|Any CPU
		{0640F18D-A755-4402-A21E-03122D160179}.Debug|Any CPU.Build.0 = Debug|Any CPU
		{0640F18D-A755-4402-A21E-03122D160179}.Release|Any CPU.ActiveCfg = Release|Any CPU
		{0640F18D-A755-4402-A21E-03122D160179}.Release|Any CPU.Build.0 = Release|Any CPU
	EndGlobalSection
	GlobalSection(SolutionProperties) = preSolution
		HideSolutionNode = FALSE
	EndGlobalSection
	GlobalSection(ExtensibilityGlobals) = postSolution
		SolutionGuid = {F447050B-9405-4487-A9EC-6923A30798B2}
	EndGlobalSection
EndGlobal
